
Microsoft Visual Studio Solution File, Format Version 12.00
# Visual Studio Version 16
VisualStudioVersion = 16.0.31005.135
MinimumVisualStudioVersion = 10.0.40219.1
Project("{9A19103F-16F7-4668-BE54-9A1E7A4F7556}") = "UdemyNLayerProject.API", "UdemyNLayerProject.API\UdemyNLayerProject.API.csproj", "{97A7631F-DB7B-45B8-A223-B0BE9A842814}"
EndProject
Project("{9A19103F-16F7-4668-BE54-9A1E7A4F7556}") = "UdemyNLayerProject.Core", "UdemyNLayerProject.Core\UdemyNLayerProject.Core.csproj", "{B5D408E7-B056-41BC-AE4B-B5354FDCEE37}"
EndProject
Project("{9A19103F-16F7-4668-BE54-9A1E7A4F7556}") = "UdemyNLayerProject.Data", "UdemyNLayerProject.Data\UdemyNLayerProject.Data.csproj", "{EBCECF78-D44C-4552-82F7-11FF18DEDE39}"
EndProject
Project("{9A19103F-16F7-4668-BE54-9A1E7A4F7556}") = "UdemyNLayerProject.Service", "UdemyNLayerProject.Service\UdemyNLayerProject.Service.csproj", "{259419F4-ADC5-4927-AEE3-120C8179DC27}"
EndProject
Project("{9A19103F-16F7-4668-BE54-9A1E7A4F7556}") = "UdemyNLayerProject.Test", "UdemyNLayerProject.Test\UdemyNLayerProject.Test.csproj", "{81B7158E-58B0-400C-A1A6-D98364812084}"
EndProject
Project("{FAE04EC0-301F-11D3-BF4B-00C04F79EFBC}") = "UdemyNLayerProject.Web", "UdemyNLayerProject.Web\UdemyNLayerProject.Web.csproj", "{8B3C048F-195C-43AF-B60B-AE4565F2797C}"
EndProject
Global
	GlobalSection(SolutionConfigurationPlatforms) = preSolution
		Debug|Any CPU = Debug|Any CPU
		Release|Any CPU = Release|Any CPU
	EndGlobalSection
	GlobalSection(ProjectConfigurationPlatforms) = postSolution
		{97A7631F-DB7B-45B8-A223-B0BE9A842814}.Debug|Any CPU.ActiveCfg = Debug|Any CPU
		{97A7631F-DB7B-45B8-A223-B0BE9A842814}.Debug|Any CPU.Build.0 = Debug|Any CPU
		{97A7631F-DB7B-45B8-A223-B0BE9A842814}.Release|Any CPU.ActiveCfg = Release|Any CPU
		{97A7631F-DB7B-45B8-A223-B0BE9A842814}.Release|Any CPU.Build.0 = Release|Any CPU
		{B5D408E7-B056-41BC-AE4B-B5354FDCEE37}.Debug|Any CPU.ActiveCfg = Debug|Any CPU
		{B5D408E7-B056-41BC-AE4B-B5354FDCEE37}.Debug|Any CPU.Build.0 = Debug|Any CPU
		{B5D408E7-B056-41BC-AE4B-B5354FDCEE37}.Release|Any CPU.ActiveCfg = Release|Any CPU
		{B5D408E7-B056-41BC-AE4B-B5354FDCEE37}.Release|Any CPU.Build.0 = Release|Any CPU
		{EBCECF78-D44C-4552-82F7-11FF18DEDE39}.Debug|Any CPU.ActiveCfg = Debug|Any CPU
		{EBCECF78-D44C-4552-82F7-11FF18DEDE39}.Debug|Any CPU.Build.0 = Debug|Any CPU
		{EBCECF78-D44C-4552-82F7-11FF18DEDE39}.Release|Any CPU.ActiveCfg = Release|Any CPU
		{EBCECF78-D44C-4552-82F7-11FF18DEDE39}.Release|Any CPU.Build.0 = Release|Any CPU
		{259419F4-ADC5-4927-AEE3-120C8179DC27}.Debug|Any CPU.ActiveCfg = Debug|Any CPU
		{259419F4-ADC5-4927-AEE3-120C8179DC27}.Debug|Any CPU.Build.0 = Debug|Any CPU
		{259419F4-ADC5-4927-AEE3-120C8179DC27}.Release|Any CPU.ActiveCfg = Release|Any CPU
		{259419F4-ADC5-4927-AEE3-120C8179DC27}.Release|Any CPU.Build.0 = Release|Any CPU
		{81B7158E-58B0-400C-A1A6-D98364812084}.Debug|Any CPU.ActiveCfg = Debug|Any CPU
		{81B7158E-58B0-400C-A1A6-D98364812084}.Debug|Any CPU.Build.0 = Debug|Any CPU
		{81B7158E-58B0-400C-A1A6-D98364812084}.Release|Any CPU.ActiveCfg = Release|Any CPU
		{81B7158E-58B0-400C-A1A6-D98364812084}.Release|Any CPU.Build.0 = Release|Any CPU
		{8B3C048F-195C-43AF-B60B-AE4565F2797C}.Debug|Any CPU.ActiveCfg = Debug|Any CPU
		{8B3C048F-195C-43AF-B60B-AE4565F2797C}.Debug|Any CPU.Build.0 = Debug|Any CPU
		{8B3C048F-195C-43AF-B60B-AE4565F2797C}.Release|Any CPU.ActiveCfg = Release|Any CPU
		{8B3C048F-195C-43AF-B60B-AE4565F2797C}.Release|Any CPU.Build.0 = Release|Any CPU
	EndGlobalSection
	GlobalSection(SolutionProperties) = preSolution
		HideSolutionNode = FALSE
	EndGlobalSection
	GlobalSection(ExtensibilityGlobals) = postSolution
		SolutionGuid = {CD89F30B-E797-469B-B803-8623DFF914B6}
	EndGlobalSection
EndGlobal
